
Microsoft Visual Studio Solution File, Format Version 12.00
# Visual Studio 14
VisualStudioVersion = 14.0.23107.0
MinimumVisualStudioVersion = 10.0.40219.1
Project("{FAE04EC0-301F-11D3-BF4B-00C04F79EFBC}") = "JCEC", "airtton\JCEC.csproj", "{B23D1EFE-0105-4D4F-BE7F-8D7C1A6ED48E}"
EndProject
Global
	GlobalSection(SolutionConfigurationPlatforms) = preSolution
		Debug|Any CPU = Debug|Any CPU
		Release|Any CPU = Release|Any CPU
	EndGlobalSection
	GlobalSection(ProjectConfigurationPlatforms) = postSolution
		{B23D1EFE-0105-4D4F-BE7F-8D7C1A6ED48E}.Debug|Any CPU.ActiveCfg = Debug|Any CPU
		{B23D1EFE-0105-4D4F-BE7F-8D7C1A6ED48E}.Debug|Any CPU.Build.0 = Debug|Any CPU
		{B23D1EFE-0105-4D4F-BE7F-8D7C1A6ED48E}.Release|Any CPU.ActiveCfg = Release|Any CPU
		{B23D1EFE-0105-4D4F-BE7F-8D7C1A6ED48E}.Release|Any CPU.Build.0 = Release|Any CPU
	EndGlobalSection
	GlobalSection(SolutionProperties) = preSolution
		HideSolutionNode = FALSE
	EndGlobalSection
EndGlobal
